{
  "object": {
    "pins": [
      {
        "package": "HandySwift",
        "repositoryURL": "https://github.com/Flinesoft/HandySwift.git",
        "state": {
          "branch": null,
          "revision": "80a9697f586cba84278a48539c58b1b1afc61e13",
          "version": "3.2.0"
        }
      },
      {
        "package": "Microya",
        "repositoryURL": "https://github.com/Flinesoft/Microya.git",
        "state": {
          "branch": "main",
          "revision": "f5b46409d02f9707ea058dbafd3febd84e31661e",
          "version": null
        }
      }
    ]
  },
  "version": 1
}
