{
  "object": {
    "pins": [
      {
        "package": "Difference",
        "repositoryURL": "https://github.com/krzysztofzablocki/Difference.git",
        "state": {
          "branch": "master",
          "revision": "b67d4483312832b2eb3458a25374a353abd8fb21",
          "version": null
        }
      },
      {
        "package": "HandySwift",
        "repositoryURL": "https://github.com/Flinesoft/HandySwift.git",
        "state": {
          "branch": null,
          "revision": "80a9697f586cba84278a48539c58b1b1afc61e13",
          "version": "3.2.0"
        }
      },
      {
        "package": "Microya",
        "repositoryURL": "https://github.com/Flinesoft/Microya.git",
        "state": {
          "branch": null,
          "revision": "8c3927df2d47bd8032df72de1e00ab76ddac427e",
          "version": "0.2.0"
        }
      },
      {
        "package": "swift-argument-parser",
        "repositoryURL": "https://github.com/apple/swift-argument-parser.git",
        "state": {
          "branch": null,
          "revision": "92646c0cdbaca076c8d3d0207891785b3379cbff",
          "version": "0.3.1"
        }
      }
    ]
  },
  "version": 1
}
