{
  "object": {
    "pins": [
      {
        "package": "Difference",
        "repositoryURL": "https://github.com/krzysztofzablocki/Difference.git",
        "state": {
          "branch": "master",
          "revision": "7d6a2be3273830794504e9cea56c7411eb7a599a",
          "version": null
        }
      },
      {
        "package": "HandySwift",
        "repositoryURL": "https://github.com/Flinesoft/HandySwift.git",
        "state": {
          "branch": null,
          "revision": "50b84f0fa735cae0e2bc3155609d4b00e2ce854c",
          "version": "3.3.0"
        }
      },
      {
        "package": "Microya",
        "repositoryURL": "https://github.com/Flinesoft/Microya.git",
        "state": {
          "branch": "main",
          "revision": "ad6524af47b744790370e13c9d516f895fb766a5",
          "version": null
        }
      },
      {
        "package": "swift-argument-parser",
        "repositoryURL": "https://github.com/apple/swift-argument-parser.git",
        "state": {
          "branch": null,
          "revision": "9564d61b08a5335ae0a36f789a7d71493eacadfc",
          "version": "0.3.2"
        }
      }
    ]
  },
  "version": 1
}
